// !$*UTF8*$!
{
	archiveVersion = 1;
	classes = {
	};
	objectVersion = 55;
	objects = {

/* Begin PBXBuildFile section */
		247417D627BB8E54002DD333 /* AppDelegate.swift in Sources */ = {isa = PBXBuildFile; fileRef = 247417D527BB8E54002DD333 /* AppDelegate.swift */; };
		247417DA27BB8E54002DD333 /* MFLoginViewController.swift in Sources */ = {isa = PBXBuildFile; fileRef = 247417D927BB8E54002DD333 /* MFLoginViewController.swift */; };
		247417DD27BB8E54002DD333 /* Main.storyboard in Resources */ = {isa = PBXBuildFile; fileRef = 247417DB27BB8E54002DD333 /* Main.storyboard */; };
		247417DF27BB8EA9002DD333 /* Assets.xcassets in Resources */ = {isa = PBXBuildFile; fileRef = 247417DE27BB8EA9002DD333 /* Assets.xcassets */; };
		247417E227BB8EA9002DD333 /* LaunchScreen.storyboard in Resources */ = {isa = PBXBuildFile; fileRef = 247417E027BB8EA9002DD333 /* LaunchScreen.storyboard */; };
		247417ED27BB8EAB002DD333 /* MicroFocusInterviewTaskTests.swift in Sources */ = {isa = PBXBuildFile; fileRef = 247417EC27BB8EAB002DD333 /* MicroFocusInterviewTaskTests.swift */; };
		247417F727BB8EAB002DD333 /* MicroFocusInterviewTaskUITests.swift in Sources */ = {isa = PBXBuildFile; fileRef = 247417F627BB8EAB002DD333 /* MicroFocusInterviewTaskUITests.swift */; };
		247417F927BB8EAB002DD333 /* MicroFocusInterviewTaskUITestsLaunchTests.swift in Sources */ = {isa = PBXBuildFile; fileRef = 247417F827BB8EAB002DD333 /* MicroFocusInterviewTaskUITestsLaunchTests.swift */; };
		2474180627BB8FA1002DD333 /* MFFormViewController.swift in Sources */ = {isa = PBXBuildFile; fileRef = 2474180527BB8FA1002DD333 /* MFFormViewController.swift */; };
		2474180827BB8FDD002DD333 /* MFDetailsViewController.swift in Sources */ = {isa = PBXBuildFile; fileRef = 2474180727BB8FDD002DD333 /* MFDetailsViewController.swift */; };
		2474180D27BBB748002DD333 /* CustomTableViewCell.swift in Sources */ = {isa = PBXBuildFile; fileRef = 2474180B27BBB748002DD333 /* CustomTableViewCell.swift */; };
		2474180E27BBB748002DD333 /* CustomTableViewCell.xib in Resources */ = {isa = PBXBuildFile; fileRef = 2474180C27BBB748002DD333 /* CustomTableViewCell.xib */; };
/* End PBXBuildFile section */

/* Begin PBXContainerItemProxy section */
		247417E927BB8EAB002DD333 /* PBXContainerItemProxy */ = {
			isa = PBXContainerItemProxy;
			containerPortal = 247417CA27BB8E53002DD333 /* Project object */;
			proxyType = 1;
			remoteGlobalIDString = 247417D127BB8E53002DD333;
			remoteInfo = MicroFocusInterviewTask;
		};
		247417F327BB8EAB002DD333 /* PBXContainerItemProxy */ = {
			isa = PBXContainerItemProxy;
			containerPortal = 247417CA27BB8E53002DD333 /* Project object */;
			proxyType = 1;
			remoteGlobalIDString = 247417D127BB8E53002DD333;
			remoteInfo = MicroFocusInterviewTask;
		};
/* End PBXContainerItemProxy section */

/* Begin PBXFileReference section */
		247417D227BB8E53002DD333 /* MicroFocusInterviewTask.app */ = {isa = PBXFileReference; explicitFileType = wrapper.application; includeInIndex = 0; path = MicroFocusInterviewTask.app; sourceTree = BUILT_PRODUCTS_DIR; };
		247417D527BB8E54002DD333 /* AppDelegate.swift */ = {isa = PBXFileReference; lastKnownFileType = sourcecode.swift; path = AppDelegate.swift; sourceTree = "<group>"; };
		247417D927BB8E54002DD333 /* MFLoginViewController.swift */ = {isa = PBXFileReference; lastKnownFileType = sourcecode.swift; path = MFLoginViewController.swift; sourceTree = "<group>"; };
		247417DC27BB8E54002DD333 /* Base */ = {isa = PBXFileReference; lastKnownFileType = file.storyboard; name = Base; path = Base.lproj/Main.storyboard; sourceTree = "<group>"; };
		247417DE27BB8EA9002DD333 /* Assets.xcassets */ = {isa = PBXFileReference; lastKnownFileType = folder.assetcatalog; path = Assets.xcassets; sourceTree = "<group>"; };
		247417E127BB8EA9002DD333 /* Base */ = {isa = PBXFileReference; lastKnownFileType = file.storyboard; name = Base; path = Base.lproj/LaunchScreen.storyboard; sourceTree = "<group>"; };
		247417E327BB8EA9002DD333 /* Info.plist */ = {isa = PBXFileReference; lastKnownFileType = text.plist.xml; path = Info.plist; sourceTree = "<group>"; };
		247417E827BB8EAB002DD333 /* MicroFocusInterviewTaskTests.xctest */ = {isa = PBXFileReference; explicitFileType = wrapper.cfbundle; includeInIndex = 0; path = MicroFocusInterviewTaskTests.xctest; sourceTree = BUILT_PRODUCTS_DIR; };
		247417EC27BB8EAB002DD333 /* MicroFocusInterviewTaskTests.swift */ = {isa = PBXFileReference; lastKnownFileType = sourcecode.swift; path = MicroFocusInterviewTaskTests.swift; sourceTree = "<group>"; };
		247417F227BB8EAB002DD333 /* MicroFocusInterviewTaskUITests.xctest */ = {isa = PBXFileReference; explicitFileType = wrapper.cfbundle; includeInIndex = 0; path = MicroFocusInterviewTaskUITests.xctest; sourceTree = BUILT_PRODUCTS_DIR; };
		247417F627BB8EAB002DD333 /* MicroFocusInterviewTaskUITests.swift */ = {isa = PBXFileReference; lastKnownFileType = sourcecode.swift; path = MicroFocusInterviewTaskUITests.swift; sourceTree = "<group>"; };
		247417F827BB8EAB002DD333 /* MicroFocusInterviewTaskUITestsLaunchTests.swift */ = {isa = PBXFileReference; lastKnownFileType = sourcecode.swift; path = MicroFocusInterviewTaskUITestsLaunchTests.swift; sourceTree = "<group>"; };
		2474180527BB8FA1002DD333 /* MFFormViewController.swift */ = {isa = PBXFileReference; lastKnownFileType = sourcecode.swift; path = MFFormViewController.swift; sourceTree = "<group>"; };
		2474180727BB8FDD002DD333 /* MFDetailsViewController.swift */ = {isa = PBXFileReference; lastKnownFileType = sourcecode.swift; path = MFDetailsViewController.swift; sourceTree = "<group>"; };
		2474180B27BBB748002DD333 /* CustomTableViewCell.swift */ = {isa = PBXFileReference; lastKnownFileType = sourcecode.swift; path = CustomTableViewCell.swift; sourceTree = "<group>"; };
		2474180C27BBB748002DD333 /* CustomTableViewCell.xib */ = {isa = PBXFileReference; lastKnownFileType = file.xib; path = CustomTableViewCell.xib; sourceTree = "<group>"; };
/* End PBXFileReference section */

/* Begin PBXFrameworksBuildPhase section */
		247417CF27BB8E53002DD333 /* Frameworks */ = {
			isa = PBXFrameworksBuildPhase;
			buildActionMask = 2147483647;
			files = (
			);
			runOnlyForDeploymentPostprocessing = 0;
		};
		247417E527BB8EAB002DD333 /* Frameworks */ = {
			isa = PBXFrameworksBuildPhase;
			buildActionMask = 2147483647;
			files = (
			);
			runOnlyForDeploymentPostprocessing = 0;
		};
		247417EF27BB8EAB002DD333 /* Frameworks */ = {
			isa = PBXFrameworksBuildPhase;
			buildActionMask = 2147483647;
			files = (
			);
			runOnlyForDeploymentPostprocessing = 0;
		};
/* End PBXFrameworksBuildPhase section */

/* Begin PBXGroup section */
		247417C927BB8E53002DD333 = {
			isa = PBXGroup;
			children = (
				247417D427BB8E53002DD333 /* MicroFocusInterviewTask */,
				247417EB27BB8EAB002DD333 /* MicroFocusInterviewTaskTests */,
				247417F527BB8EAB002DD333 /* MicroFocusInterviewTaskUITests */,
				247417D327BB8E53002DD333 /* Products */,
			);
			sourceTree = "<group>";
		};
		247417D327BB8E53002DD333 /* Products */ = {
			isa = PBXGroup;
			children = (
				247417D227BB8E53002DD333 /* MicroFocusInterviewTask.app */,
				247417E827BB8EAB002DD333 /* MicroFocusInterviewTaskTests.xctest */,
				247417F227BB8EAB002DD333 /* MicroFocusInterviewTaskUITests.xctest */,
			);
			name = Products;
			sourceTree = "<group>";
		};
		247417D427BB8E53002DD333 /* MicroFocusInterviewTask */ = {
			isa = PBXGroup;
			children = (
				247417D527BB8E54002DD333 /* AppDelegate.swift */,
				2474180F27BBBF90002DD333 /* Details */,
				2474181127BBBFB7002DD333 /* Login */,
				247417DB27BB8E54002DD333 /* Main.storyboard */,
				2474181027BBBFA7002DD333 /* Add Form */,
				247417DE27BB8EA9002DD333 /* Assets.xcassets */,
				247417E027BB8EA9002DD333 /* LaunchScreen.storyboard */,
				247417E327BB8EA9002DD333 /* Info.plist */,
			);
			path = MicroFocusInterviewTask;
			sourceTree = "<group>";
		};
		247417EB27BB8EAB002DD333 /* MicroFocusInterviewTaskTests */ = {
			isa = PBXGroup;
			children = (
				247417EC27BB8EAB002DD333 /* MicroFocusInterviewTaskTests.swift */,
			);
			path = MicroFocusInterviewTaskTests;
			sourceTree = "<group>";
		};
		247417F527BB8EAB002DD333 /* MicroFocusInterviewTaskUITests */ = {
			isa = PBXGroup;
			children = (
				247417F627BB8EAB002DD333 /* MicroFocusInterviewTaskUITests.swift */,
				247417F827BB8EAB002DD333 /* MicroFocusInterviewTaskUITestsLaunchTests.swift */,
			);
			path = MicroFocusInterviewTaskUITests;
			sourceTree = "<group>";
		};
		2474180F27BBBF90002DD333 /* Details */ = {
			isa = PBXGroup;
			children = (
				2474180B27BBB748002DD333 /* CustomTableViewCell.swift */,
				2474180727BB8FDD002DD333 /* MFDetailsViewController.swift */,
				2474180C27BBB748002DD333 /* CustomTableViewCell.xib */,
			);
			path = Details;
			sourceTree = "<group>";
		};
		2474181027BBBFA7002DD333 /* Add Form */ = {
			isa = PBXGroup;
			children = (
				2474180527BB8FA1002DD333 /* MFFormViewController.swift */,
			);
			path = "Add Form";
			sourceTree = "<group>";
		};
		2474181127BBBFB7002DD333 /* Login */ = {
			isa = PBXGroup;
			children = (
				247417D927BB8E54002DD333 /* MFLoginViewController.swift */,
			);
			path = Login;
			sourceTree = "<group>";
		};
/* End PBXGroup section */

/* Begin PBXNativeTarget section */
		247417D127BB8E53002DD333 /* MicroFocusInterviewTask */ = {
			isa = PBXNativeTarget;
			buildConfigurationList = 247417FC27BB8EAB002DD333 /* Build configuration list for PBXNativeTarget "MicroFocusInterviewTask" */;
			buildPhases = (
				247417CE27BB8E53002DD333 /* Sources */,
				247417CF27BB8E53002DD333 /* Frameworks */,
				247417D027BB8E53002DD333 /* Resources */,
			);
			buildRules = (
			);
			dependencies = (
			);
			name = MicroFocusInterviewTask;
			productName = MicroFocusInterviewTask;
			productReference = 247417D227BB8E53002DD333 /* MicroFocusInterviewTask.app */;
			productType = "com.apple.product-type.application";
		};
		247417E727BB8EAB002DD333 /* MicroFocusInterviewTaskTests */ = {
			isa = PBXNativeTarget;
			buildConfigurationList = 247417FF27BB8EAB002DD333 /* Build configuration list for PBXNativeTarget "MicroFocusInterviewTaskTests" */;
			buildPhases = (
				247417E427BB8EAB002DD333 /* Sources */,
				247417E527BB8EAB002DD333 /* Frameworks */,
				247417E627BB8EAB002DD333 /* Resources */,
			);
			buildRules = (
			);
			dependencies = (
				247417EA27BB8EAB002DD333 /* PBXTargetDependency */,
			);
			name = MicroFocusInterviewTaskTests;
			productName = MicroFocusInterviewTaskTests;
			productReference = 247417E827BB8EAB002DD333 /* MicroFocusInterviewTaskTests.xctest */;
			productType = "com.apple.product-type.bundle.unit-test";
		};
		247417F127BB8EAB002DD333 /* MicroFocusInterviewTaskUITests */ = {
			isa = PBXNativeTarget;
			buildConfigurationList = 2474180227BB8EAB002DD333 /* Build configuration list for PBXNativeTarget "MicroFocusInterviewTaskUITests" */;
			buildPhases = (
				247417EE27BB8EAB002DD333 /* Sources */,
				247417EF27BB8EAB002DD333 /* Frameworks */,
				247417F027BB8EAB002DD333 /* Resources */,
			);
			buildRules = (
			);
			dependencies = (
				247417F427BB8EAB002DD333 /* PBXTargetDependency */,
			);
			name = MicroFocusInterviewTaskUITests;
			productName = MicroFocusInterviewTaskUITests;
			productReference = 247417F227BB8EAB002DD333 /* MicroFocusInterviewTaskUITests.xctest */;
			productType = "com.apple.product-type.bundle.ui-testing";
		};
/* End PBXNativeTarget section */

/* Begin PBXProject section */
		247417CA27BB8E53002DD333 /* Project object */ = {
			isa = PBXProject;
			attributes = {
				BuildIndependentTargetsInParallel = 1;
				LastSwiftUpdateCheck = 1320;
				LastUpgradeCheck = 1320;
				TargetAttributes = {
					247417D127BB8E53002DD333 = {
						CreatedOnToolsVersion = 13.2.1;
					};
					247417E727BB8EAB002DD333 = {
						CreatedOnToolsVersion = 13.2.1;
						TestTargetID = 247417D127BB8E53002DD333;
					};
					247417F127BB8EAB002DD333 = {
						CreatedOnToolsVersion = 13.2.1;
						TestTargetID = 247417D127BB8E53002DD333;
					};
				};
			};
			buildConfigurationList = 247417CD27BB8E53002DD333 /* Build configuration list for PBXProject "MicroFocusInterviewTask" */;
			compatibilityVersion = "Xcode 13.0";
			developmentRegion = en;
			hasScannedForEncodings = 0;
			knownRegions = (
				en,
				Base,
			);
			mainGroup = 247417C927BB8E53002DD333;
			productRefGroup = 247417D327BB8E53002DD333 /* Products */;
			projectDirPath = "";
			projectRoot = "";
			targets = (
				247417D127BB8E53002DD333 /* MicroFocusInterviewTask */,
				247417E727BB8EAB002DD333 /* MicroFocusInterviewTaskTests */,
				247417F127BB8EAB002DD333 /* MicroFocusInterviewTaskUITests */,
			);
		};
/* End PBXProject section */

/* Begin PBXResourcesBuildPhase section */
		247417D027BB8E53002DD333 /* Resources */ = {
			isa = PBXResourcesBuildPhase;
			buildActionMask = 2147483647;
			files = (
				247417E227BB8EA9002DD333 /* LaunchScreen.storyboard in Resources */,
				247417DF27BB8EA9002DD333 /* Assets.xcassets in Resources */,
				2474180E27BBB748002DD333 /* CustomTableViewCell.xib in Resources */,
				247417DD27BB8E54002DD333 /* Main.storyboard in Resources */,
			);
			runOnlyForDeploymentPostprocessing = 0;
		};
		247417E627BB8EAB002DD333 /* Resources */ = {
			isa = PBXResourcesBuildPhase;
			buildActionMask = 2147483647;
			files = (
			);
			runOnlyForDeploymentPostprocessing = 0;
		};
		247417F027BB8EAB002DD333 /* Resources */ = {
			isa = PBXResourcesBuildPhase;
			buildActionMask = 2147483647;
			files = (
			);
			runOnlyForDeploymentPostprocessing = 0;
		};
/* End PBXResourcesBuildPhase section */

/* Begin PBXSourcesBuildPhase section */
		247417CE27BB8E53002DD333 /* Sources */ = {
			isa = PBXSourcesBuildPhase;
			buildActionMask = 2147483647;
			files = (
				247417DA27BB8E54002DD333 /* MFLoginViewController.swift in Sources */,
				2474180D27BBB748002DD333 /* CustomTableViewCell.swift in Sources */,
				247417D627BB8E54002DD333 /* AppDelegate.swift in Sources */,
				2474180827BB8FDD002DD333 /* MFDetailsViewController.swift in Sources */,
				2474180627BB8FA1002DD333 /* MFFormViewController.swift in Sources */,
			);
			runOnlyForDeploymentPostprocessing = 0;
		};
		247417E427BB8EAB002DD333 /* Sources */ = {
			isa = PBXSourcesBuildPhase;
			buildActionMask = 2147483647;
			files = (
				247417ED27BB8EAB002DD333 /* MicroFocusInterviewTaskTests.swift in Sources */,
			);
			runOnlyForDeploymentPostprocessing = 0;
		};
		247417EE27BB8EAB002DD333 /* Sources */ = {
			isa = PBXSourcesBuildPhase;
			buildActionMask = 2147483647;
			files = (
				247417F727BB8EAB002DD333 /* MicroFocusInterviewTaskUITests.swift in Sources */,
				247417F927BB8EAB002DD333 /* MicroFocusInterviewTaskUITestsLaunchTests.swift in Sources */,
			);
			runOnlyForDeploymentPostprocessing = 0;
		};
/* End PBXSourcesBuildPhase section */

/* Begin PBXTargetDependency section */
		247417EA27BB8EAB002DD333 /* PBXTargetDependency */ = {
			isa = PBXTargetDependency;
			target = 247417D127BB8E53002DD333 /* MicroFocusInterviewTask */;
			targetProxy = 247417E927BB8EAB002DD333 /* PBXContainerItemProxy */;
		};
		247417F427BB8EAB002DD333 /* PBXTargetDependency */ = {
			isa = PBXTargetDependency;
			target = 247417D127BB8E53002DD333 /* MicroFocusInterviewTask */;
			targetProxy = 247417F327BB8EAB002DD333 /* PBXContainerItemProxy */;
		};
/* End PBXTargetDependency section */

/* Begin PBXVariantGroup section */
		247417DB27BB8E54002DD333 /* Main.storyboard */ = {
			isa = PBXVariantGroup;
			children = (
				247417DC27BB8E54002DD333 /* Base */,
			);
			name = Main.storyboard;
			sourceTree = "<group>";
		};
		247417E027BB8EA9002DD333 /* LaunchScreen.storyboard */ = {
			isa = PBXVariantGroup;
			children = (
				247417E127BB8EA9002DD333 /* Base */,
			);
			name = LaunchScreen.storyboard;
			sourceTree = "<group>";
		};
/* End PBXVariantGroup section */

/* Begin XCBuildConfiguration section */
		247417FA27BB8EAB002DD333 /* Debug */ = {
			isa = XCBuildConfiguration;
			buildSettings = {
				ALWAYS_SEARCH_USER_PATHS = NO;
				CLANG_ANALYZER_NONNULL = YES;
				CLANG_ANALYZER_NUMBER_OBJECT_CONVERSION = YES_AGGRESSIVE;
				CLANG_CXX_LANGUAGE_STANDARD = "gnu++17";
				CLANG_CXX_LIBRARY = "libc++";
				CLANG_ENABLE_MODULES = YES;
				CLANG_ENABLE_OBJC_ARC = YES;
				CLANG_ENABLE_OBJC_WEAK = YES;
				CLANG_WARN_BLOCK_CAPTURE_AUTORELEASING = YES;
				CLANG_WARN_BOOL_CONVERSION = YES;
				CLANG_WARN_COMMA = YES;
				CLANG_WARN_CONSTANT_CONVERSION = YES;
				CLANG_WARN_DEPRECATED_OBJC_IMPLEMENTATIONS = YES;
				CLANG_WARN_DIRECT_OBJC_ISA_USAGE = YES_ERROR;
				CLANG_WARN_DOCUMENTATION_COMMENTS = YES;
				CLANG_WARN_EMPTY_BODY = YES;
				CLANG_WARN_ENUM_CONVERSION = YES;
				CLANG_WARN_INFINITE_RECURSION = YES;
				CLANG_WARN_INT_CONVERSION = YES;
				CLANG_WARN_NON_LITERAL_NULL_CONVERSION = YES;
				CLANG_WARN_OBJC_IMPLICIT_RETAIN_SELF = YES;
				CLANG_WARN_OBJC_LITERAL_CONVERSION = YES;
				CLANG_WARN_OBJC_ROOT_CLASS = YES_ERROR;
				CLANG_WARN_QUOTED_INCLUDE_IN_FRAMEWORK_HEADER = YES;
				CLANG_WARN_RANGE_LOOP_ANALYSIS = YES;
				CLANG_WARN_STRICT_PROTOTYPES = YES;
				CLANG_WARN_SUSPICIOUS_MOVE = YES;
				CLANG_WARN_UNGUARDED_AVAILABILITY = YES_AGGRESSIVE;
				CLANG_WARN_UNREACHABLE_CODE = YES;
				CLANG_WARN__DUPLICATE_METHOD_MATCH = YES;
				COPY_PHASE_STRIP = NO;
				DEBUG_INFORMATION_FORMAT = dwarf;
				ENABLE_STRICT_OBJC_MSGSEND = YES;
				ENABLE_TESTABILITY = YES;
				GCC_C_LANGUAGE_STANDARD = gnu11;
				GCC_DYNAMIC_NO_PIC = NO;
				GCC_NO_COMMON_BLOCKS = YES;
				GCC_OPTIMIZATION_LEVEL = 0;
				GCC_PREPROCESSOR_DEFINITIONS = (
					"DEBUG=1",
					"$(inherited)",
				);
				GCC_WARN_64_TO_32_BIT_CONVERSION = YES;
				GCC_WARN_ABOUT_RETURN_TYPE = YES_ERROR;
				GCC_WARN_UNDECLARED_SELECTOR = YES;
				GCC_WARN_UNINITIALIZED_AUTOS = YES_AGGRESSIVE;
				GCC_WARN_UNUSED_FUNCTION = YES;
				GCC_WARN_UNUSED_VARIABLE = YES;
				IPHONEOS_DEPLOYMENT_TARGET = 15.2;
				MTL_ENABLE_DEBUG_INFO = INCLUDE_SOURCE;
				MTL_FAST_MATH = YES;
				ONLY_ACTIVE_ARCH = YES;
				SDKROOT = iphoneos;
				SWIFT_ACTIVE_COMPILATION_CONDITIONS = DEBUG;
				SWIFT_OPTIMIZATION_LEVEL = "-Onone";
			};
			name = Debug;
		};
		247417FB27BB8EAB002DD333 /* Release */ = {
			isa = XCBuildConfiguration;
			buildSettings = {
				ALWAYS_SEARCH_USER_PATHS = NO;
				CLANG_ANALYZER_NONNULL = YES;
				CLANG_ANALYZER_NUMBER_OBJECT_CONVERSION = YES_AGGRESSIVE;
				CLANG_CXX_LANGUAGE_STANDARD = "gnu++17";
				CLANG_CXX_LIBRARY = "libc++";
				CLANG_ENABLE_MODULES = YES;
				CLANG_ENABLE_OBJC_ARC = YES;
				CLANG_ENABLE_OBJC_WEAK = YES;
				CLANG_WARN_BLOCK_CAPTURE_AUTORELEASING = YES;
				CLANG_WARN_BOOL_CONVERSION = YES;
				CLANG_WARN_COMMA = YES;
				CLANG_WARN_CONSTANT_CONVERSION = YES;
				CLANG_WARN_DEPRECATED_OBJC_IMPLEMENTATIONS = YES;
				CLANG_WARN_DIRECT_OBJC_ISA_USAGE = YES_ERROR;
				CLANG_WARN_DOCUMENTATION_COMMENTS = YES;
				CLANG_WARN_EMPTY_BODY = YES;
				CLANG_WARN_ENUM_CONVERSION = YES;
				CLANG_WARN_INFINITE_RECURSION = YES;
				CLANG_WARN_INT_CONVERSION = YES;
				CLANG_WARN_NON_LITERAL_NULL_CONVERSION = YES;
				CLANG_WARN_OBJC_IMPLICIT_RETAIN_SELF = YES;
				CLANG_WARN_OBJC_LITERAL_CONVERSION = YES;
				CLANG_WARN_OBJC_ROOT_CLASS = YES_ERROR;
				CLANG_WARN_QUOTED_INCLUDE_IN_FRAMEWORK_HEADER = YES;
				CLANG_WARN_RANGE_LOOP_ANALYSIS = YES;
				CLANG_WARN_STRICT_PROTOTYPES = YES;
				CLANG_WARN_SUSPICIOUS_MOVE = YES;
				CLANG_WARN_UNGUARDED_AVAILABILITY = YES_AGGRESSIVE;
				CLANG_WARN_UNREACHABLE_CODE = YES;
				CLANG_WARN__DUPLICATE_METHOD_MATCH = YES;
				COPY_PHASE_STRIP = NO;
				DEBUG_INFORMATION_FORMAT = "dwarf-with-dsym";
				ENABLE_NS_ASSERTIONS = NO;
				ENABLE_STRICT_OBJC_MSGSEND = YES;
				GCC_C_LANGUAGE_STANDARD = gnu11;
				GCC_NO_COMMON_BLOCKS = YES;
				GCC_WARN_64_TO_32_BIT_CONVERSION = YES;
				GCC_WARN_ABOUT_RETURN_TYPE = YES_ERROR;
				GCC_WARN_UNDECLARED_SELECTOR = YES;
				GCC_WARN_UNINITIALIZED_AUTOS = YES_AGGRESSIVE;
				GCC_WARN_UNUSED_FUNCTION = YES;
				GCC_WARN_UNUSED_VARIABLE = YES;
				IPHONEOS_DEPLOYMENT_TARGET = 15.2;
				MTL_ENABLE_DEBUG_INFO = NO;
				MTL_FAST_MATH = YES;
				SDKROOT = iphoneos;
				SWIFT_COMPILATION_MODE = wholemodule;
				SWIFT_OPTIMIZATION_LEVEL = "-O";
				VALIDATE_PRODUCT = YES;
			};
			name = Release;
		};
		247417FD27BB8EAB002DD333 /* Debug */ = {
			isa = XCBuildConfiguration;
			buildSettings = {
				ASSETCATALOG_COMPILER_APPICON_NAME = AppIcon;
				ASSETCATALOG_COMPILER_GLOBAL_ACCENT_COLOR_NAME = AccentColor;
				CODE_SIGN_STYLE = Automatic;
				CURRENT_PROJECT_VERSION = 1;
				GENERATE_INFOPLIST_FILE = YES;
				INFOPLIST_FILE = MicroFocusInterviewTask/Info.plist;
				INFOPLIST_KEY_UIApplicationSupportsIndirectInputEvents = YES;
				INFOPLIST_KEY_UILaunchStoryboardName = LaunchScreen;
				INFOPLIST_KEY_UIMainStoryboardFile = Main;
				INFOPLIST_KEY_UISupportedInterfaceOrientations_iPad = "UIInterfaceOrientationPortrait UIInterfaceOrientationPortraitUpsideDown UIInterfaceOrientationLandscapeLeft UIInterfaceOrientationLandscapeRight";
				INFOPLIST_KEY_UISupportedInterfaceOrientations_iPhone = "UIInterfaceOrientationPortrait UIInterfaceOrientationLandscapeLeft UIInterfaceOrientationLandscapeRight";
				LD_RUNPATH_SEARCH_PATHS = (
					"$(inherited)",
					"@executable_path/Frameworks",
				);
				MARKETING_VERSION = 1.0;
				PRODUCT_BUNDLE_IDENTIFIER = pavithra.MicroFocusInterviewTask;
				PRODUCT_NAME = "$(TARGET_NAME)";
				SWIFT_EMIT_LOC_STRINGS = YES;
				SWIFT_VERSION = 5.0;
				TARGETED_DEVICE_FAMILY = "1,2";
			};
			name = Debug;
		};
		247417FE27BB8EAB002DD333 /* Release */ = {
			isa = XCBuildConfiguration;
			buildSettings = {
				ASSETCATALOG_COMPILER_APPICON_NAME = AppIcon;
				ASSETCATALOG_COMPILER_GLOBAL_ACCENT_COLOR_NAME = AccentColor;
				CODE_SIGN_STYLE = Automatic;
				CURRENT_PROJECT_VERSION = 1;
				GENERATE_INFOPLIST_FILE = YES;
				INFOPLIST_FILE = MicroFocusInterviewTask/Info.plist;
				INFOPLIST_KEY_UIApplicationSupportsIndirectInputEvents = YES;
				INFOPLIST_KEY_UILaunchStoryboardName = LaunchScreen;
				INFOPLIST_KEY_UIMainStoryboardFile = Main;
				INFOPLIST_KEY_UISupportedInterfaceOrientations_iPad = "UIInterfaceOrientationPortrait UIInterfaceOrientationPortraitUpsideDown UIInterfaceOrientationLandscapeLeft UIInterfaceOrientationLandscapeRight";
				INFOPLIST_KEY_UISupportedInterfaceOrientations_iPhone = "UIInterfaceOrientationPortrait UIInterfaceOrientationLandscapeLeft UIInterfaceOrientationLandscapeRight";
				LD_RUNPATH_SEARCH_PATHS = (
					"$(inherited)",
					"@executable_path/Frameworks",
				);
				MARKETING_VERSION = 1.0;
				PRODUCT_BUNDLE_IDENTIFIER = pavithra.MicroFocusInterviewTask;
				PRODUCT_NAME = "$(TARGET_NAME)";
				SWIFT_EMIT_LOC_STRINGS = YES;
				SWIFT_VERSION = 5.0;
				TARGETED_DEVICE_FAMILY = "1,2";
			};
			name = Release;
		};
		2474180027BB8EAB002DD333 /* Debug */ = {
			isa = XCBuildConfiguration;
			buildSettings = {
				ALWAYS_EMBED_SWIFT_STANDARD_LIBRARIES = YES;
				BUNDLE_LOADER = "$(TEST_HOST)";
				CODE_SIGN_STYLE = Automatic;
				CURRENT_PROJECT_VERSION = 1;
				GENERATE_INFOPLIST_FILE = YES;
				IPHONEOS_DEPLOYMENT_TARGET = 15.2;
				MARKETING_VERSION = 1.0;
				PRODUCT_BUNDLE_IDENTIFIER = pavithra.MicroFocusInterviewTaskTests;
				PRODUCT_NAME = "$(TARGET_NAME)";
				SWIFT_EMIT_LOC_STRINGS = NO;
				SWIFT_VERSION = 5.0;
				TARGETED_DEVICE_FAMILY = "1,2";
				TEST_HOST = "$(BUILT_PRODUCTS_DIR)/MicroFocusInterviewTask.app/MicroFocusInterviewTask";
			};
			name = Debug;
		};
		2474180127BB8EAB002DD333 /* Release */ = {
			isa = XCBuildConfiguration;
			buildSettings = {
				ALWAYS_EMBED_SWIFT_STANDARD_LIBRARIES = YES;
				BUNDLE_LOADER = "$(TEST_HOST)";
				CODE_SIGN_STYLE = Automatic;
				CURRENT_PROJECT_VERSION = 1;
				GENERATE_INFOPLIST_FILE = YES;
				IPHONEOS_DEPLOYMENT_TARGET = 15.2;
				MARKETING_VERSION = 1.0;
				PRODUCT_BUNDLE_IDENTIFIER = pavithra.MicroFocusInterviewTaskTests;
				PRODUCT_NAME = "$(TARGET_NAME)";
				SWIFT_EMIT_LOC_STRINGS = NO;
				SWIFT_VERSION = 5.0;
				TARGETED_DEVICE_FAMILY = "1,2";
				TEST_HOST = "$(BUILT_PRODUCTS_DIR)/MicroFocusInterviewTask.app/MicroFocusInterviewTask";
			};
			name = Release;
		};
		2474180327BB8EAB002DD333 /* Debug */ = {
			isa = XCBuildConfiguration;
			buildSettings = {
				ALWAYS_EMBED_SWIFT_STANDARD_LIBRARIES = YES;
				CODE_SIGN_STYLE = Automatic;
				CURRENT_PROJECT_VERSION = 1;
				GENERATE_INFOPLIST_FILE = YES;
				MARKETING_VERSION = 1.0;
				PRODUCT_BUNDLE_IDENTIFIER = pavithra.MicroFocusInterviewTaskUITests;
				PRODUCT_NAME = "$(TARGET_NAME)";
				SWIFT_EMIT_LOC_STRINGS = NO;
				SWIFT_VERSION = 5.0;
				TARGETED_DEVICE_FAMILY = "1,2";
				TEST_TARGET_NAME = MicroFocusInterviewTask;
			};
			name = Debug;
		};
		2474180427BB8EAB002DD333 /* Release */ = {
			isa = XCBuildConfiguration;
			buildSettings = {
				ALWAYS_EMBED_SWIFT_STANDARD_LIBRARIES = YES;
				CODE_SIGN_STYLE = Automatic;
				CURRENT_PROJECT_VERSION = 1;
				GENERATE_INFOPLIST_FILE = YES;
				MARKETING_VERSION = 1.0;
				PRODUCT_BUNDLE_IDENTIFIER = pavithra.MicroFocusInterviewTaskUITests;
				PRODUCT_NAME = "$(TARGET_NAME)";
				SWIFT_EMIT_LOC_STRINGS = NO;
				SWIFT_VERSION = 5.0;
				TARGETED_DEVICE_FAMILY = "1,2";
				TEST_TARGET_NAME = MicroFocusInterviewTask;
			};
			name = Release;
		};
/* End XCBuildConfiguration section */

/* Begin XCConfigurationList section */
		247417CD27BB8E53002DD333 /* Build configuration list for PBXProject "MicroFocusInterviewTask" */ = {
			isa = XCConfigurationList;
			buildConfigurations = (
				247417FA27BB8EAB002DD333 /* Debug */,
				247417FB27BB8EAB002DD333 /* Release */,
			);
			defaultConfigurationIsVisible = 0;
			defaultConfigurationName = Release;
		};
		247417FC27BB8EAB002DD333 /* Build configuration list for PBXNativeTarget "MicroFocusInterviewTask" */ = {
			isa = XCConfigurationList;
			buildConfigurations = (
				247417FD27BB8EAB002DD333 /* Debug */,
				247417FE27BB8EAB002DD333 /* Release */,
			);
			defaultConfigurationIsVisible = 0;
			defaultConfigurationName = Release;
		};
		247417FF27BB8EAB002DD333 /* Build configuration list for PBXNativeTarget "MicroFocusInterviewTaskTests" */ = {
			isa = XCConfigurationList;
			buildConfigurations = (
				2474180027BB8EAB002DD333 /* Debug */,
				2474180127BB8EAB002DD333 /* Release */,
			);
			defaultConfigurationIsVisible = 0;
			defaultConfigurationName = Release;
		};
		2474180227BB8EAB002DD333 /* Build configuration list for PBXNativeTarget "MicroFocusInterviewTaskUITests" */ = {
			isa = XCConfigurationList;
			buildConfigurations = (
				2474180327BB8EAB002DD333 /* Debug */,
				2474180427BB8EAB002DD333 /* Release */,
			);
			defaultConfigurationIsVisible = 0;
			defaultConfigurationName = Release;
		};
/* End XCConfigurationList section */
	};
	rootObject = 247417CA27BB8E53002DD333 /* Project object */;
}
